
Microsoft Visual Studio Solution File, Format Version 12.00
# Visual Studio 2012
Project("{2150E333-8FDC-42A3-9474-1A3956D46DE8}") = "Demo", "Demo", "{E555DFF9-97FC-4B96-B9D4-70A2EE5CB1D2}"
EndProject
Project("{FAE04EC0-301F-11D3-BF4B-00C04F79EFBC}") = "SimpleDemo", "SimpleDemo\SimpleDemo.csproj", "{9521DD2C-18FF-464C-B508-2806A928914E}"
EndProject
Project("{2150E333-8FDC-42A3-9474-1A3956D46DE8}") = "ComandDemo", "ComandDemo", "{B9458B3A-400D-47D2-82FE-1B10AD4366B5}"
EndProject
Project("{FAE04EC0-301F-11D3-BF4B-00C04F79EFBC}") = "CustomerCommand", "..\..\Demo\WPFCommand\CustomerCommand\CustomerCommand.csproj", "{9F31B28A-6D5B-4085-BFD7-F99D00A2BD00}"
EndProject
Project("{FAE04EC0-301F-11D3-BF4B-00C04F79EFBC}") = "MvvmCommand", "..\..\Demo\WPFCommand\MvvmCommand\MvvmCommand.csproj", "{F861CE2D-E122-4FCB-ACA6-0FFA4EF0E1FF}"
EndProject
Project("{FAE04EC0-301F-11D3-BF4B-00C04F79EFBC}") = "WpfSimpleCommand", "..\..\Demo\WPFCommand\WPFCommand\WpfApplication1\WpfSimpleCommand.csproj", "{079F6131-3DB7-4218-87B8-30D6E8C57A6C}"
EndProject
Global
	GlobalSection(SolutionConfigurationPlatforms) = preSolution
		Debug|Any CPU = Debug|Any CPU
		Release|Any CPU = Release|Any CPU
	EndGlobalSection
	GlobalSection(ProjectConfigurationPlatforms) = postSolution
		{9521DD2C-18FF-464C-B508-2806A928914E}.Debug|Any CPU.ActiveCfg = Debug|Any CPU
		{9521DD2C-18FF-464C-B508-2806A928914E}.Debug|Any CPU.Build.0 = Debug|Any CPU
		{9521DD2C-18FF-464C-B508-2806A928914E}.Release|Any CPU.ActiveCfg = Release|Any CPU
		{9521DD2C-18FF-464C-B508-2806A928914E}.Release|Any CPU.Build.0 = Release|Any CPU
		{9F31B28A-6D5B-4085-BFD7-F99D00A2BD00}.Debug|Any CPU.ActiveCfg = Debug|Any CPU
		{9F31B28A-6D5B-4085-BFD7-F99D00A2BD00}.Debug|Any CPU.Build.0 = Debug|Any CPU
		{9F31B28A-6D5B-4085-BFD7-F99D00A2BD00}.Release|Any CPU.ActiveCfg = Release|Any CPU
		{9F31B28A-6D5B-4085-BFD7-F99D00A2BD00}.Release|Any CPU.Build.0 = Release|Any CPU
		{F861CE2D-E122-4FCB-ACA6-0FFA4EF0E1FF}.Debug|Any CPU.ActiveCfg = Debug|Any CPU
		{F861CE2D-E122-4FCB-ACA6-0FFA4EF0E1FF}.Debug|Any CPU.Build.0 = Debug|Any CPU
		{F861CE2D-E122-4FCB-ACA6-0FFA4EF0E1FF}.Release|Any CPU.ActiveCfg = Release|Any CPU
		{F861CE2D-E122-4FCB-ACA6-0FFA4EF0E1FF}.Release|Any CPU.Build.0 = Release|Any CPU
		{079F6131-3DB7-4218-87B8-30D6E8C57A6C}.Debug|Any CPU.ActiveCfg = Debug|Any CPU
		{079F6131-3DB7-4218-87B8-30D6E8C57A6C}.Debug|Any CPU.Build.0 = Debug|Any CPU
		{079F6131-3DB7-4218-87B8-30D6E8C57A6C}.Release|Any CPU.ActiveCfg = Release|Any CPU
		{079F6131-3DB7-4218-87B8-30D6E8C57A6C}.Release|Any CPU.Build.0 = Release|Any CPU
	EndGlobalSection
	GlobalSection(SolutionProperties) = preSolution
		HideSolutionNode = FALSE
	EndGlobalSection
	GlobalSection(NestedProjects) = preSolution
		{9521DD2C-18FF-464C-B508-2806A928914E} = {E555DFF9-97FC-4B96-B9D4-70A2EE5CB1D2}
		{B9458B3A-400D-47D2-82FE-1B10AD4366B5} = {E555DFF9-97FC-4B96-B9D4-70A2EE5CB1D2}
		{9F31B28A-6D5B-4085-BFD7-F99D00A2BD00} = {B9458B3A-400D-47D2-82FE-1B10AD4366B5}
		{F861CE2D-E122-4FCB-ACA6-0FFA4EF0E1FF} = {B9458B3A-400D-47D2-82FE-1B10AD4366B5}
		{079F6131-3DB7-4218-87B8-30D6E8C57A6C} = {B9458B3A-400D-47D2-82FE-1B10AD4366B5}
	EndGlobalSection
EndGlobal
